
Microsoft Visual Studio Solution File, Format Version 12.00
# Visual Studio Version 17
VisualStudioVersion = 17.1.32127.271
MinimumVisualStudioVersion = 10.0.40219.1
Project("{FAE04EC0-301F-11D3-BF4B-00C04F79EFBC}") = "API.Demo.Docker", "API.Demo.Docker\API.Demo.Docker.csproj", "{C4CE7131-E4FA-487A-8183-0D5735B87505}"
EndProject
Global
	GlobalSection(SolutionConfigurationPlatforms) = preSolution
		Debug|Any CPU = Debug|Any CPU
		Release|Any CPU = Release|Any CPU
	EndGlobalSection
	GlobalSection(ProjectConfigurationPlatforms) = postSolution
		{C4CE7131-E4FA-487A-8183-0D5735B87505}.Debug|Any CPU.ActiveCfg = Debug|Any CPU
		{C4CE7131-E4FA-487A-8183-0D5735B87505}.Debug|Any CPU.Build.0 = Debug|Any CPU
		{C4CE7131-E4FA-487A-8183-0D5735B87505}.Release|Any CPU.ActiveCfg = Release|Any CPU
		{C4CE7131-E4FA-487A-8183-0D5735B87505}.Release|Any CPU.Build.0 = Release|Any CPU
	EndGlobalSection
	GlobalSection(SolutionProperties) = preSolution
		HideSolutionNode = FALSE
	EndGlobalSection
	GlobalSection(ExtensibilityGlobals) = postSolution
		SolutionGuid = {D419BAF9-5669-4132-A0DC-B5AE628B301E}
	EndGlobalSection
EndGlobal
