
Microsoft Visual Studio Solution File, Format Version 12.00
# Visual Studio Version 17
VisualStudioVersion = 17.1.32127.271
MinimumVisualStudioVersion = 10.0.40219.1
Project("{9A19103F-16F7-4668-BE54-9A1E7A4F7556}") = "Catalog.API", "Catalog.API\Catalog.API.csproj", "{C4CE7131-E4FA-487A-8183-0D5735B87505}"
EndProject
Project("{E53339B2-1760-4266-BCC7-CA923CBCF16C}") = "docker-compose", "docker-compose.dcproj", "{114598E1-5037-4FB8-BF97-CA33D69D857F}"
EndProject
Project("{9A19103F-16F7-4668-BE54-9A1E7A4F7556}") = "Basket.API", "Basket.API\Basket.API.csproj", "{74701186-2984-4E09-B91B-72AA1DF16EC7}"
EndProject
Project("{9A19103F-16F7-4668-BE54-9A1E7A4F7556}") = "Discount.API", "Discount.API\Discount.API.csproj", "{140C075D-1E5C-43CA-BD92-EBCEBF0E70CC}"
EndProject
Project("{FAE04EC0-301F-11D3-BF4B-00C04F79EFBC}") = "Discount.Grpc", "Discount.Grpc\Discount.Grpc.csproj", "{9829170D-125E-4DEB-B3B2-DF8E080EEA8A}"
EndProject
Global
	GlobalSection(SolutionConfigurationPlatforms) = preSolution
		Debug|Any CPU = Debug|Any CPU
		Release|Any CPU = Release|Any CPU
	EndGlobalSection
	GlobalSection(ProjectConfigurationPlatforms) = postSolution
		{C4CE7131-E4FA-487A-8183-0D5735B87505}.Debug|Any CPU.ActiveCfg = Debug|Any CPU
		{C4CE7131-E4FA-487A-8183-0D5735B87505}.Debug|Any CPU.Build.0 = Debug|Any CPU
		{C4CE7131-E4FA-487A-8183-0D5735B87505}.Release|Any CPU.ActiveCfg = Release|Any CPU
		{C4CE7131-E4FA-487A-8183-0D5735B87505}.Release|Any CPU.Build.0 = Release|Any CPU
		{114598E1-5037-4FB8-BF97-CA33D69D857F}.Debug|Any CPU.ActiveCfg = Debug|Any CPU
		{114598E1-5037-4FB8-BF97-CA33D69D857F}.Debug|Any CPU.Build.0 = Debug|Any CPU
		{114598E1-5037-4FB8-BF97-CA33D69D857F}.Release|Any CPU.ActiveCfg = Release|Any CPU
		{114598E1-5037-4FB8-BF97-CA33D69D857F}.Release|Any CPU.Build.0 = Release|Any CPU
		{74701186-2984-4E09-B91B-72AA1DF16EC7}.Debug|Any CPU.ActiveCfg = Debug|Any CPU
		{74701186-2984-4E09-B91B-72AA1DF16EC7}.Debug|Any CPU.Build.0 = Debug|Any CPU
		{74701186-2984-4E09-B91B-72AA1DF16EC7}.Release|Any CPU.ActiveCfg = Release|Any CPU
		{74701186-2984-4E09-B91B-72AA1DF16EC7}.Release|Any CPU.Build.0 = Release|Any CPU
		{140C075D-1E5C-43CA-BD92-EBCEBF0E70CC}.Debug|Any CPU.ActiveCfg = Debug|Any CPU
		{140C075D-1E5C-43CA-BD92-EBCEBF0E70CC}.Debug|Any CPU.Build.0 = Debug|Any CPU
		{140C075D-1E5C-43CA-BD92-EBCEBF0E70CC}.Release|Any CPU.ActiveCfg = Release|Any CPU
		{140C075D-1E5C-43CA-BD92-EBCEBF0E70CC}.Release|Any CPU.Build.0 = Release|Any CPU
		{9829170D-125E-4DEB-B3B2-DF8E080EEA8A}.Debug|Any CPU.ActiveCfg = Debug|Any CPU
		{9829170D-125E-4DEB-B3B2-DF8E080EEA8A}.Debug|Any CPU.Build.0 = Debug|Any CPU
		{9829170D-125E-4DEB-B3B2-DF8E080EEA8A}.Release|Any CPU.ActiveCfg = Release|Any CPU
		{9829170D-125E-4DEB-B3B2-DF8E080EEA8A}.Release|Any CPU.Build.0 = Release|Any CPU
	EndGlobalSection
	GlobalSection(SolutionProperties) = preSolution
		HideSolutionNode = FALSE
	EndGlobalSection
	GlobalSection(ExtensibilityGlobals) = postSolution
		SolutionGuid = {D419BAF9-5669-4132-A0DC-B5AE628B301E}
	EndGlobalSection
EndGlobal
